Microsoft Visual Studio Solution File, Format Version 12.00
# Visual Studio Version 17
VisualStudioVersion = 17.5.2.0
MinimumVisualStudioVersion = 10.0.40219.1
Project("{2150E333-8FDC-42A3-9474-1A3956D46DE8}") = "coralia", "coralia", "{EE0020AA-19A0-B50B-CF09-2E5C147CB754}"
EndProject
Project("{FAE04EC0-301F-11D3-BF4B-00C04F79EFBC}") = "Assembly-CSharp-Editor", "coralia\Assembly-CSharp-Editor.csproj", "{7B578594-5E79-BB66-24CB-EE8C9622DDC4}"
EndProject
Project("{FAE04EC0-301F-11D3-BF4B-00C04F79EFBC}") = "Assembly-CSharp", "coralia\Assembly-CSharp.csproj", "{98A3FA1A-42A6-BC11-7D6E-C3880EC1C92D}"
EndProject
Global
	GlobalSection(SolutionConfigurationPlatforms) = preSolution
		Debug|Any CPU = Debug|Any CPU
		Release|Any CPU = Release|Any CPU
	EndGlobalSection
	GlobalSection(ProjectConfigurationPlatforms) = postSolution
		{7B578594-5E79-BB66-24CB-EE8C9622DDC4}.Debug|Any CPU.ActiveCfg = Debug|Any CPU
		{7B578594-5E79-BB66-24CB-EE8C9622DDC4}.Debug|Any CPU.Build.0 = Debug|Any CPU
		{7B578594-5E79-BB66-24CB-EE8C9622DDC4}.Release|Any CPU.ActiveCfg = Release|Any CPU
		{7B578594-5E79-BB66-24CB-EE8C9622DDC4}.Release|Any CPU.Build.0 = Release|Any CPU
		{98A3FA1A-42A6-BC11-7D6E-C3880EC1C92D}.Debug|Any CPU.ActiveCfg = Debug|Any CPU
		{98A3FA1A-42A6-BC11-7D6E-C3880EC1C92D}.Debug|Any CPU.Build.0 = Debug|Any CPU
		{98A3FA1A-42A6-BC11-7D6E-C3880EC1C92D}.Release|Any CPU.ActiveCfg = Release|Any CPU
		{98A3FA1A-42A6-BC11-7D6E-C3880EC1C92D}.Release|Any CPU.Build.0 = Release|Any CPU
	EndGlobalSection
	GlobalSection(SolutionProperties) = preSolution
		HideSolutionNode = FALSE
	EndGlobalSection
	GlobalSection(NestedProjects) = preSolution
		{7B578594-5E79-BB66-24CB-EE8C9622DDC4} = {EE0020AA-19A0-B50B-CF09-2E5C147CB754}
		{98A3FA1A-42A6-BC11-7D6E-C3880EC1C92D} = {EE0020AA-19A0-B50B-CF09-2E5C147CB754}
	EndGlobalSection
	GlobalSection(ExtensibilityGlobals) = postSolution
		SolutionGuid = {C38EDF24-E31B-4797-A4A9-7F3D0ECAA24C}
	EndGlobalSection
EndGlobal
